// !$*UTF8*$!
{
	archiveVersion = 1;
	classes = {
	};
	objectVersion = 46;
	objects = {

/* Begin PBXBuildFile section */
		9C2812941DCBD2C100209079 /* AppDelegate.swift in Sources */ = {isa = PBXBuildFile; fileRef = 9C2812931DCBD2C100209079 /* AppDelegate.swift */; };
		9C2812991DCBD2C100209079 /* Main.storyboard in Resources */ = {isa = PBXBuildFile; fileRef = 9C2812971DCBD2C100209079 /* Main.storyboard */; };
		9C28129B1DCBD2C100209079 /* Assets.xcassets in Resources */ = {isa = PBXBuildFile; fileRef = 9C28129A1DCBD2C100209079 /* Assets.xcassets */; };
		9C28129E1DCBD2C100209079 /* LaunchScreen.storyboard in Resources */ = {isa = PBXBuildFile; fileRef = 9C28129C1DCBD2C100209079 /* LaunchScreen.storyboard */; };
		9C2812AB1DCBD4C100209079 /* Wireframe.swift in Sources */ = {isa = PBXBuildFile; fileRef = 9C2812AA1DCBD4C100209079 /* Wireframe.swift */; };
		9C2812AF1DCBD5F100209079 /* Reachability.swift in Sources */ = {isa = PBXBuildFile; fileRef = 9C2812AE1DCBD5F100209079 /* Reachability.swift */; };
		9C2812B11DCBD61600209079 /* ReachabilityService.swift in Sources */ = {isa = PBXBuildFile; fileRef = 9C2812B01DCBD61600209079 /* ReachabilityService.swift */; };
		9C2812B31DCBD71200209079 /* ServiceProvider.swift in Sources */ = {isa = PBXBuildFile; fileRef = 9C2812B21DCBD71200209079 /* ServiceProvider.swift */; };
		9C2812B61DCBD8ED00209079 /* SplashWireframe.swift in Sources */ = {isa = PBXBuildFile; fileRef = 9C2812B51DCBD8ED00209079 /* SplashWireframe.swift */; };
		9C2812B81DCBD8FE00209079 /* SplashPresenter.swift in Sources */ = {isa = PBXBuildFile; fileRef = 9C2812B71DCBD8FE00209079 /* SplashPresenter.swift */; };
		9C2812BA1DCBD90700209079 /* SplashView.swift in Sources */ = {isa = PBXBuildFile; fileRef = 9C2812B91DCBD90700209079 /* SplashView.swift */; };
		9C2812BE1DCBD94A00209079 /* SplashViewController.swift in Sources */ = {isa = PBXBuildFile; fileRef = 9C2812BD1DCBD94A00209079 /* SplashViewController.swift */; };
		9C2812C01DCBDEEA00209079 /* MusicTinder.SplashViewController.xib in Resources */ = {isa = PBXBuildFile; fileRef = 9C2812BF1DCBDEEA00209079 /* MusicTinder.SplashViewController.xib */; };
		9C2812C21DCBE54E00209079 /* MainWireframe.swift in Sources */ = {isa = PBXBuildFile; fileRef = 9C2812C11DCBE54E00209079 /* MainWireframe.swift */; };
		9C2812D31DCBE91F00209079 /* ArtistListWireframe.swift in Sources */ = {isa = PBXBuildFile; fileRef = 9C2812D21DCBE91F00209079 /* ArtistListWireframe.swift */; };
		9C2812D51DCBEAD800209079 /* ArtistListPresenter.swift in Sources */ = {isa = PBXBuildFile; fileRef = 9C2812D41DCBEAD800209079 /* ArtistListPresenter.swift */; };
		9C2812D71DCBEAE100209079 /* ArtistListView.swift in Sources */ = {isa = PBXBuildFile; fileRef = 9C2812D61DCBEAE100209079 /* ArtistListView.swift */; };
		9C2812DA1DCBEB0F00209079 /* ArtistListViewController.swift in Sources */ = {isa = PBXBuildFile; fileRef = 9C2812D91DCBEB0F00209079 /* ArtistListViewController.swift */; };
		9C2812DC1DCBECE800209079 /* MusicTinder.ArtistListViewController.xib in Resources */ = {isa = PBXBuildFile; fileRef = 9C2812DB1DCBECE800209079 /* MusicTinder.ArtistListViewController.xib */; };
		9C5DAB741DD3BFE7005D35B5 /* Song.swift in Sources */ = {isa = PBXBuildFile; fileRef = 9C5DAB731DD3BFE7005D35B5 /* Song.swift */; };
		9C5FDCEA1DD78CB90056E0D9 /* ArtistListInteractor.swift in Sources */ = {isa = PBXBuildFile; fileRef = 9C5FDCE91DD78CB90056E0D9 /* ArtistListInteractor.swift */; };
		9C5FDCEF1DD7C9800056E0D9 /* ArtistDetailPresenter.swift in Sources */ = {isa = PBXBuildFile; fileRef = 9C5FDCEE1DD7C9800056E0D9 /* ArtistDetailPresenter.swift */; };
		9C5FDCF11DD7C9910056E0D9 /* ArtistDetailWireframe.swift in Sources */ = {isa = PBXBuildFile; fileRef = 9C5FDCF01DD7C9910056E0D9 /* ArtistDetailWireframe.swift */; };
		9C5FDCF31DD7C99C0056E0D9 /* ArtistDetailView.swift in Sources */ = {isa = PBXBuildFile; fileRef = 9C5FDCF21DD7C99C0056E0D9 /* ArtistDetailView.swift */; };
		9C5FDCF61DD7C9CD0056E0D9 /* ArtistDetailViewController.swift in Sources */ = {isa = PBXBuildFile; fileRef = 9C5FDCF51DD7C9CD0056E0D9 /* ArtistDetailViewController.swift */; };
		9C5FDCF81DD7C9DF0056E0D9 /* MusicTinder.ArtistDetailViewController.xib in Resources */ = {isa = PBXBuildFile; fileRef = 9C5FDCF71DD7C9DF0056E0D9 /* MusicTinder.ArtistDetailViewController.xib */; };
		9C5FDCFA1DD85CA50056E0D9 /* ArtistDetailInteractor.swift in Sources */ = {isa = PBXBuildFile; fileRef = 9C5FDCF91DD85CA50056E0D9 /* ArtistDetailInteractor.swift */; };
		9C5FDCFD1DD86F4C0056E0D9 /* getInfo.json in Resources */ = {isa = PBXBuildFile; fileRef = 9C5FDCFC1DD86F4C0056E0D9 /* getInfo.json */; };
		9C6FB8F41DD75A0F00C85D3E /* PersistencyService.swift in Sources */ = {isa = PBXBuildFile; fileRef = 9C6FB8F31DD75A0F00C85D3E /* PersistencyService.swift */; };
		9C6FB8F71DD75CE400C85D3E /* RealmArtist.swift in Sources */ = {isa = PBXBuildFile; fileRef = 9C6FB8F61DD75CE400C85D3E /* RealmArtist.swift */; };
		9C7378CF1DD3215200A30182 /* topArtists.json in Resources */ = {isa = PBXBuildFile; fileRef = 9C7378CE1DD3215200A30182 /* topArtists.json */; };
		9C7E4EF21DCDA21D0091E0FE /* fredoka-one.regular.ttf in Resources */ = {isa = PBXBuildFile; fileRef = 9C7E4EF11DCDA21D0091E0FE /* fredoka-one.regular.ttf */; };
		9C7E4EF61DCDABB40091E0FE /* DiscoverViewController.swift in Sources */ = {isa = PBXBuildFile; fileRef = 9C7E4EF41DCDABB40091E0FE /* DiscoverViewController.swift */; };
		9C7E4EFC1DCDAC500091E0FE /* DiscoverPresenter.swift in Sources */ = {isa = PBXBuildFile; fileRef = 9C7E4EF91DCDAC500091E0FE /* DiscoverPresenter.swift */; };
		9C7E4EFD1DCDAC500091E0FE /* DiscoverView.swift in Sources */ = {isa = PBXBuildFile; fileRef = 9C7E4EFA1DCDAC500091E0FE /* DiscoverView.swift */; };
		9C7E4EFE1DCDAC500091E0FE /* DiscoverWireframe.swift in Sources */ = {isa = PBXBuildFile; fileRef = 9C7E4EFB1DCDAC500091E0FE /* DiscoverWireframe.swift */; };
		9C7E4F001DCDAF990091E0FE /* MusicTinder.DiscoverViewController.xib in Resources */ = {isa = PBXBuildFile; fileRef = 9C7E4EFF1DCDAF990091E0FE /* MusicTinder.DiscoverViewController.xib */; };
		9C7E4F041DCDB1070091E0FE /* UIHelper.swift in Sources */ = {isa = PBXBuildFile; fileRef = 9C7E4F031DCDB1070091E0FE /* UIHelper.swift */; };
		9C7E4F061DCE045D0091E0FE /* DiscoverInteractor.swift in Sources */ = {isa = PBXBuildFile; fileRef = 9C7E4F051DCE045D0091E0FE /* DiscoverInteractor.swift */; };
		9C7E4F091DCE055C0091E0FE /* Artist.swift in Sources */ = {isa = PBXBuildFile; fileRef = 9C7E4F081DCE055C0091E0FE /* Artist.swift */; };
		9C7E4F0C1DCE05FC0091E0FE /* ChartService.swift in Sources */ = {isa = PBXBuildFile; fileRef = 9C7E4F0B1DCE05FC0091E0FE /* ChartService.swift */; };
		9C7E4F0E1DCE06270091E0FE /* URLProvider.swift in Sources */ = {isa = PBXBuildFile; fileRef = 9C7E4F0D1DCE06270091E0FE /* URLProvider.swift */; };
		9C7E4F111DCE06740091E0FE /* ArtistService.swift in Sources */ = {isa = PBXBuildFile; fileRef = 9C7E4F101DCE06740091E0FE /* ArtistService.swift */; };
		9C7E4F171DCE18310091E0FE /* ArtistTableViewCell.swift in Sources */ = {isa = PBXBuildFile; fileRef = 9C7E4F161DCE18310091E0FE /* ArtistTableViewCell.swift */; };
		9C7E4F191DCE1A590091E0FE /* ArtistTableViewCell.xib in Resources */ = {isa = PBXBuildFile; fileRef = 9C7E4F181DCE1A590091E0FE /* ArtistTableViewCell.xib */; };
		9C7E4F1D1DCE1E2B0091E0FE /* ArtistNameLabel.swift in Sources */ = {isa = PBXBuildFile; fileRef = 9C7E4F1C1DCE1E2B0091E0FE /* ArtistNameLabel.swift */; };
		9C7E4F201DCE43BD0091E0FE /* SearchView.xib in Resources */ = {isa = PBXBuildFile; fileRef = 9C7E4F1F1DCE43BD0091E0FE /* SearchView.xib */; };
		9C7E4F221DCE45E40091E0FE /* SearchView.swift in Sources */ = {isa = PBXBuildFile; fileRef = 9C7E4F211DCE45E40091E0FE /* SearchView.swift */; };
		9C7E4F2B1DCE8A4E0091E0FE /* NoSearchResultsTableViewCell.xib in Resources */ = {isa = PBXBuildFile; fileRef = 9C7E4F2A1DCE8A4E0091E0FE /* NoSearchResultsTableViewCell.xib */; };
		9C7E4F2D1DCE8A580091E0FE /* NoSearchResultsTableViewCell.swift in Sources */ = {isa = PBXBuildFile; fileRef = 9C7E4F2C1DCE8A580091E0FE /* NoSearchResultsTableViewCell.swift */; };
		9CC40DB41DD89CAA00527266 /* search.json in Resources */ = {isa = PBXBuildFile; fileRef = 9CC40DB31DD89CAA00527266 /* search.json */; };
		9CC40DB61DD8A28300527266 /* getSimilar.json in Resources */ = {isa = PBXBuildFile; fileRef = 9CC40DB51DD8A28300527266 /* getSimilar.json */; };
		9CCE8FCB1DCF2C170068F8D4 /* TinderWireframe.swift in Sources */ = {isa = PBXBuildFile; fileRef = 9CCE8FCA1DCF2C170068F8D4 /* TinderWireframe.swift */; };
		9CCE8FCF1DCF2C440068F8D4 /* TinderPresenter.swift in Sources */ = {isa = PBXBuildFile; fileRef = 9CCE8FCE1DCF2C440068F8D4 /* TinderPresenter.swift */; };
		9CCE8FD11DCF2C5A0068F8D4 /* TinderView.swift in Sources */ = {isa = PBXBuildFile; fileRef = 9CCE8FD01DCF2C5A0068F8D4 /* TinderView.swift */; };
		9CCE8FD31DCF2C660068F8D4 /* TinderInteractor.swift in Sources */ = {isa = PBXBuildFile; fileRef = 9CCE8FD21DCF2C660068F8D4 /* TinderInteractor.swift */; };
		9CCE8FD61DCF2C9C0068F8D4 /* TinderViewController.swift in Sources */ = {isa = PBXBuildFile; fileRef = 9CCE8FD51DCF2C9C0068F8D4 /* TinderViewController.swift */; };
		9CCE8FDA1DCF2CB80068F8D4 /* MusicTinder.TinderViewController.xib in Resources */ = {isa = PBXBuildFile; fileRef = 9CCE8FD91DCF2CB80068F8D4 /* MusicTinder.TinderViewController.xib */; };
		9CCE8FDE1DCF7E7F0068F8D4 /* ArtistRoundedView.swift in Sources */ = {isa = PBXBuildFile; fileRef = 9CCE8FDD1DCF7E7F0068F8D4 /* ArtistRoundedView.swift */; };
		9CCE8FE01DCF7E8A0068F8D4 /* ArtistRoundedView.xib in Resources */ = {isa = PBXBuildFile; fileRef = 9CCE8FDF1DCF7E8A0068F8D4 /* ArtistRoundedView.xib */; };
		9CF947A01DD19E5600F72E37 /* ITunesService.swift in Sources */ = {isa = PBXBuildFile; fileRef = 9CF9479F1DD19E5600F72E37 /* ITunesService.swift */; };
		C33DC86022E6CF0C00DCE923 /* MainRouter.swift in Sources */ = {isa = PBXBuildFile; fileRef = C33DC85F22E6CF0C00DCE923 /* MainRouter.swift */; };
		C33DC86222E6CF1A00DCE923 /* PayloadHandler.swift in Sources */ = {isa = PBXBuildFile; fileRef = C33DC86122E6CF1A00DCE923 /* PayloadHandler.swift */; };
		C33DC86622E6D01600DCE923 /* Screen.swift in Sources */ = {isa = PBXBuildFile; fileRef = C33DC86522E6D01600DCE923 /* Screen.swift */; };
		C33DC86822E6D46000DCE923 /* ARtistListRouter.swift in Sources */ = {isa = PBXBuildFile; fileRef = C33DC86722E6D46000DCE923 /* ARtistListRouter.swift */; };
		C33DC86A22E6D4EC00DCE923 /* ArtistListInteractorDelegate.swift in Sources */ = {isa = PBXBuildFile; fileRef = C33DC86922E6D4EC00DCE923 /* ArtistListInteractorDelegate.swift */; };
		C33DC86C22E6D78A00DCE923 /* ArtistListEventHandler.swift in Sources */ = {isa = PBXBuildFile; fileRef = C33DC86B22E6D78A00DCE923 /* ArtistListEventHandler.swift */; };
		C33DC87222E6EB5300DCE923 /* LoadingView.swift in Sources */ = {isa = PBXBuildFile; fileRef = C33DC87122E6EB5300DCE923 /* LoadingView.swift */; };
		F6A12C8CD18B23BCD635BEBB /* Pods_MusicTinder.framework in Frameworks */ = {isa = PBXBuildFile; fileRef = B6526AB0FBE6F425BD99476D /* Pods_MusicTinder.framework */; };
/* End PBXBuildFile section */

/* Begin PBXFileReference section */
		71B768F944A55EED20712C7F /* Pods-MusicTinder.release.xcconfig */ = {isa = PBXFileReference; includeInIndex = 1; lastKnownFileType = text.xcconfig; name = "Pods-MusicTinder.release.xcconfig"; path = "Target Support Files/Pods-MusicTinder/Pods-MusicTinder.release.xcconfig"; sourceTree = "<group>"; };
		9C2812901DCBD2C100209079 /* MusicTinder.app */ = {isa = PBXFileReference; explicitFileType = wrapper.application; includeInIndex = 0; path = MusicTinder.app; sourceTree = BUILT_PRODUCTS_DIR; };
		9C2812931DCBD2C100209079 /* AppDelegate.swift */ = {isa = PBXFileReference; lastKnownFileType = sourcecode.swift; path = AppDelegate.swift; sourceTree = "<group>"; };
		9C2812981DCBD2C100209079 /* Base */ = {isa = PBXFileReference; lastKnownFileType = file.storyboard; name = Base; path = Base.lproj/Main.storyboard; sourceTree = "<group>"; };
		9C28129A1DCBD2C100209079 /* Assets.xcassets */ = {isa = PBXFileReference; lastKnownFileType = folder.assetcatalog; path = Assets.xcassets; sourceTree = "<group>"; };
		9C28129D1DCBD2C100209079 /* Base */ = {isa = PBXFileReference; lastKnownFileType = file.storyboard; name = Base; path = Base.lproj/LaunchScreen.storyboard; sourceTree = "<group>"; };
		9C28129F1DCBD2C100209079 /* Info.plist */ = {isa = PBXFileReference; lastKnownFileType = text.plist.xml; path = Info.plist; sourceTree = "<group>"; };
		9C2812AA1DCBD4C100209079 /* Wireframe.swift */ = {isa = PBXFileReference; fileEncoding = 4; lastKnownFileType = sourcecode.swift; path = Wireframe.swift; sourceTree = "<group>"; };
		9C2812AE1DCBD5F100209079 /* Reachability.swift */ = {isa = PBXFileReference; fileEncoding = 4; lastKnownFileType = sourcecode.swift; path = Reachability.swift; sourceTree = "<group>"; };
		9C2812B01DCBD61600209079 /* ReachabilityService.swift */ = {isa = PBXFileReference; fileEncoding = 4; lastKnownFileType = sourcecode.swift; path = ReachabilityService.swift; sourceTree = "<group>"; };
		9C2812B21DCBD71200209079 /* ServiceProvider.swift */ = {isa = PBXFileReference; fileEncoding = 4; lastKnownFileType = sourcecode.swift; path = ServiceProvider.swift; sourceTree = "<group>"; };
		9C2812B51DCBD8ED00209079 /* SplashWireframe.swift */ = {isa = PBXFileReference; fileEncoding = 4; lastKnownFileType = sourcecode.swift; path = SplashWireframe.swift; sourceTree = "<group>"; };
		9C2812B71DCBD8FE00209079 /* SplashPresenter.swift */ = {isa = PBXFileReference; fileEncoding = 4; lastKnownFileType = sourcecode.swift; path = SplashPresenter.swift; sourceTree = "<group>"; };
		9C2812B91DCBD90700209079 /* SplashView.swift */ = {isa = PBXFileReference; fileEncoding = 4; lastKnownFileType = sourcecode.swift; path = SplashView.swift; sourceTree = "<group>"; };
		9C2812BD1DCBD94A00209079 /* SplashViewController.swift */ = {isa = PBXFileReference; fileEncoding = 4; lastKnownFileType = sourcecode.swift; path = SplashViewController.swift; sourceTree = "<group>"; };
		9C2812BF1DCBDEEA00209079 /* MusicTinder.SplashViewController.xib */ = {isa = PBXFileReference; fileEncoding = 4; lastKnownFileType = file.xib; path = MusicTinder.SplashViewController.xib; sourceTree = "<group>"; };
		9C2812C11DCBE54E00209079 /* MainWireframe.swift */ = {isa = PBXFileReference; fileEncoding = 4; lastKnownFileType = sourcecode.swift; path = MainWireframe.swift; sourceTree = "<group>"; };
		9C2812D21DCBE91F00209079 /* ArtistListWireframe.swift */ = {isa = PBXFileReference; fileEncoding = 4; lastKnownFileType = sourcecode.swift; path = ArtistListWireframe.swift; sourceTree = "<group>"; };
		9C2812D41DCBEAD800209079 /* ArtistListPresenter.swift */ = {isa = PBXFileReference; fileEncoding = 4; lastKnownFileType = sourcecode.swift; path = ArtistListPresenter.swift; sourceTree = "<group>"; };
		9C2812D61DCBEAE100209079 /* ArtistListView.swift */ = {isa = PBXFileReference; fileEncoding = 4; lastKnownFileType = sourcecode.swift; path = ArtistListView.swift; sourceTree = "<group>"; };
		9C2812D91DCBEB0F00209079 /* ArtistListViewController.swift */ = {isa = PBXFileReference; fileEncoding = 4; lastKnownFileType = sourcecode.swift; path = ArtistListViewController.swift; sourceTree = "<group>"; };
		9C2812DB1DCBECE800209079 /* MusicTinder.ArtistListViewController.xib */ = {isa = PBXFileReference; fileEncoding = 4; lastKnownFileType = file.xib; path = MusicTinder.ArtistListViewController.xib; sourceTree = "<group>"; };
		9C5DAB731DD3BFE7005D35B5 /* Song.swift */ = {isa = PBXFileReference; fileEncoding = 4; lastKnownFileType = sourcecode.swift; path = Song.swift; sourceTree = "<group>"; };
		9C5FDCE91DD78CB90056E0D9 /* ArtistListInteractor.swift */ = {isa = PBXFileReference; fileEncoding = 4; lastKnownFileType = sourcecode.swift; path = ArtistListInteractor.swift; sourceTree = "<group>"; };
		9C5FDCEE1DD7C9800056E0D9 /* ArtistDetailPresenter.swift */ = {isa = PBXFileReference; fileEncoding = 4; lastKnownFileType = sourcecode.swift; path = ArtistDetailPresenter.swift; sourceTree = "<group>"; };
		9C5FDCF01DD7C9910056E0D9 /* ArtistDetailWireframe.swift */ = {isa = PBXFileReference; fileEncoding = 4; lastKnownFileType = sourcecode.swift; path = ArtistDetailWireframe.swift; sourceTree = "<group>"; };
		9C5FDCF21DD7C99C0056E0D9 /* ArtistDetailView.swift */ = {isa = PBXFileReference; fileEncoding = 4; lastKnownFileType = sourcecode.swift; path = ArtistDetailView.swift; sourceTree = "<group>"; };
		9C5FDCF51DD7C9CD0056E0D9 /* ArtistDetailViewController.swift */ = {isa = PBXFileReference; fileEncoding = 4; lastKnownFileType = sourcecode.swift; path = ArtistDetailViewController.swift; sourceTree = "<group>"; };
		9C5FDCF71DD7C9DF0056E0D9 /* MusicTinder.ArtistDetailViewController.xib */ = {isa = PBXFileReference; fileEncoding = 4; lastKnownFileType = file.xib; path = MusicTinder.ArtistDetailViewController.xib; sourceTree = "<group>"; };
		9C5FDCF91DD85CA50056E0D9 /* ArtistDetailInteractor.swift */ = {isa = PBXFileReference; fileEncoding = 4; lastKnownFileType = sourcecode.swift; path = ArtistDetailInteractor.swift; sourceTree = "<group>"; };
		9C5FDCFC1DD86F4C0056E0D9 /* getInfo.json */ = {isa = PBXFileReference; fileEncoding = 4; lastKnownFileType = text.json; path = getInfo.json; sourceTree = "<group>"; };
		9C6FB8F31DD75A0F00C85D3E /* PersistencyService.swift */ = {isa = PBXFileReference; fileEncoding = 4; lastKnownFileType = sourcecode.swift; path = PersistencyService.swift; sourceTree = "<group>"; };
		9C6FB8F61DD75CE400C85D3E /* RealmArtist.swift */ = {isa = PBXFileReference; fileEncoding = 4; lastKnownFileType = sourcecode.swift; path = RealmArtist.swift; sourceTree = "<group>"; };
		9C7378CE1DD3215200A30182 /* topArtists.json */ = {isa = PBXFileReference; fileEncoding = 4; lastKnownFileType = text.json; path = topArtists.json; sourceTree = "<group>"; };
		9C7E4EF11DCDA21D0091E0FE /* fredoka-one.regular.ttf */ = {isa = PBXFileReference; lastKnownFileType = file; path = "fredoka-one.regular.ttf"; sourceTree = "<group>"; };
		9C7E4EF41DCDABB40091E0FE /* DiscoverViewController.swift */ = {isa = PBXFileReference; fileEncoding = 4; lastKnownFileType = sourcecode.swift; path = DiscoverViewController.swift; sourceTree = "<group>"; };
		9C7E4EF91DCDAC500091E0FE /* DiscoverPresenter.swift */ = {isa = PBXFileReference; fileEncoding = 4; lastKnownFileType = sourcecode.swift; path = DiscoverPresenter.swift; sourceTree = "<group>"; };
		9C7E4EFA1DCDAC500091E0FE /* DiscoverView.swift */ = {isa = PBXFileReference; fileEncoding = 4; lastKnownFileType = sourcecode.swift; path = DiscoverView.swift; sourceTree = "<group>"; };
		9C7E4EFB1DCDAC500091E0FE /* DiscoverWireframe.swift */ = {isa = PBXFileReference; fileEncoding = 4; lastKnownFileType = sourcecode.swift; path = DiscoverWireframe.swift; sourceTree = "<group>"; };
		9C7E4EFF1DCDAF990091E0FE /* MusicTinder.DiscoverViewController.xib */ = {isa = PBXFileReference; fileEncoding = 4; lastKnownFileType = file.xib; path = MusicTinder.DiscoverViewController.xib; sourceTree = "<group>"; };
		9C7E4F031DCDB1070091E0FE /* UIHelper.swift */ = {isa = PBXFileReference; fileEncoding = 4; lastKnownFileType = sourcecode.swift; path = UIHelper.swift; sourceTree = "<group>"; };
		9C7E4F051DCE045D0091E0FE /* DiscoverInteractor.swift */ = {isa = PBXFileReference; fileEncoding = 4; lastKnownFileType = sourcecode.swift; path = DiscoverInteractor.swift; sourceTree = "<group>"; };
		9C7E4F081DCE055C0091E0FE /* Artist.swift */ = {isa = PBXFileReference; fileEncoding = 4; lastKnownFileType = sourcecode.swift; path = Artist.swift; sourceTree = "<group>"; };
		9C7E4F0B1DCE05FC0091E0FE /* ChartService.swift */ = {isa = PBXFileReference; fileEncoding = 4; lastKnownFileType = sourcecode.swift; path = ChartService.swift; sourceTree = "<group>"; };
		9C7E4F0D1DCE06270091E0FE /* URLProvider.swift */ = {isa = PBXFileReference; fileEncoding = 4; lastKnownFileType = sourcecode.swift; path = URLProvider.swift; sourceTree = "<group>"; };
		9C7E4F101DCE06740091E0FE /* ArtistService.swift */ = {isa = PBXFileReference; fileEncoding = 4; lastKnownFileType = sourcecode.swift; path = ArtistService.swift; sourceTree = "<group>"; };
		9C7E4F161DCE18310091E0FE /* ArtistTableViewCell.swift */ = {isa = PBXFileReference; fileEncoding = 4; lastKnownFileType = sourcecode.swift; path = ArtistTableViewCell.swift; sourceTree = "<group>"; };
		9C7E4F181DCE1A590091E0FE /* ArtistTableViewCell.xib */ = {isa = PBXFileReference; fileEncoding = 4; lastKnownFileType = file.xib; path = ArtistTableViewCell.xib; sourceTree = "<group>"; };
		9C7E4F1C1DCE1E2B0091E0FE /* ArtistNameLabel.swift */ = {isa = PBXFileReference; fileEncoding = 4; lastKnownFileType = sourcecode.swift; path = ArtistNameLabel.swift; sourceTree = "<group>"; };
		9C7E4F1F1DCE43BD0091E0FE /* SearchView.xib */ = {isa = PBXFileReference; fileEncoding = 4; lastKnownFileType = file.xib; path = SearchView.xib; sourceTree = "<group>"; };
		9C7E4F211DCE45E40091E0FE /* SearchView.swift */ = {isa = PBXFileReference; fileEncoding = 4; lastKnownFileType = sourcecode.swift; path = SearchView.swift; sourceTree = "<group>"; };
		9C7E4F2A1DCE8A4E0091E0FE /* NoSearchResultsTableViewCell.xib */ = {isa = PBXFileReference; fileEncoding = 4; lastKnownFileType = file.xib; path = NoSearchResultsTableViewCell.xib; sourceTree = "<group>"; };
		9C7E4F2C1DCE8A580091E0FE /* NoSearchResultsTableViewCell.swift */ = {isa = PBXFileReference; fileEncoding = 4; lastKnownFileType = sourcecode.swift; path = NoSearchResultsTableViewCell.swift; sourceTree = "<group>"; };
		9CC40DB31DD89CAA00527266 /* search.json */ = {isa = PBXFileReference; fileEncoding = 4; lastKnownFileType = text.json; path = search.json; sourceTree = "<group>"; };
		9CC40DB51DD8A28300527266 /* getSimilar.json */ = {isa = PBXFileReference; fileEncoding = 4; lastKnownFileType = text.json; path = getSimilar.json; sourceTree = "<group>"; };
		9CCE8FCA1DCF2C170068F8D4 /* TinderWireframe.swift */ = {isa = PBXFileReference; fileEncoding = 4; lastKnownFileType = sourcecode.swift; path = TinderWireframe.swift; sourceTree = "<group>"; };
		9CCE8FCE1DCF2C440068F8D4 /* TinderPresenter.swift */ = {isa = PBXFileReference; fileEncoding = 4; lastKnownFileType = sourcecode.swift; path = TinderPresenter.swift; sourceTree = "<group>"; };
		9CCE8FD01DCF2C5A0068F8D4 /* TinderView.swift */ = {isa = PBXFileReference; fileEncoding = 4; lastKnownFileType = sourcecode.swift; path = TinderView.swift; sourceTree = "<group>"; };
		9CCE8FD21DCF2C660068F8D4 /* TinderInteractor.swift */ = {isa = PBXFileReference; fileEncoding = 4; lastKnownFileType = sourcecode.swift; path = TinderInteractor.swift; sourceTree = "<group>"; };
		9CCE8FD51DCF2C9C0068F8D4 /* TinderViewController.swift */ = {isa = PBXFileReference; fileEncoding = 4; lastKnownFileType = sourcecode.swift; path = TinderViewController.swift; sourceTree = "<group>"; };
		9CCE8FD91DCF2CB80068F8D4 /* MusicTinder.TinderViewController.xib */ = {isa = PBXFileReference; fileEncoding = 4; lastKnownFileType = file.xib; path = MusicTinder.TinderViewController.xib; sourceTree = "<group>"; };
		9CCE8FDD1DCF7E7F0068F8D4 /* ArtistRoundedView.swift */ = {isa = PBXFileReference; fileEncoding = 4; lastKnownFileType = sourcecode.swift; path = ArtistRoundedView.swift; sourceTree = "<group>"; };
		9CCE8FDF1DCF7E8A0068F8D4 /* ArtistRoundedView.xib */ = {isa = PBXFileReference; fileEncoding = 4; lastKnownFileType = file.xib; path = ArtistRoundedView.xib; sourceTree = "<group>"; };
		9CF9479F1DD19E5600F72E37 /* ITunesService.swift */ = {isa = PBXFileReference; fileEncoding = 4; lastKnownFileType = sourcecode.swift; path = ITunesService.swift; sourceTree = "<group>"; };
		B6526AB0FBE6F425BD99476D /* Pods_MusicTinder.framework */ = {isa = PBXFileReference; explicitFileType = wrapper.framework; includeInIndex = 0; path = Pods_MusicTinder.framework; sourceTree = BUILT_PRODUCTS_DIR; };
		C33DC85F22E6CF0C00DCE923 /* MainRouter.swift */ = {isa = PBXFileReference; lastKnownFileType = sourcecode.swift; path = MainRouter.swift; sourceTree = "<group>"; };
		C33DC86122E6CF1A00DCE923 /* PayloadHandler.swift */ = {isa = PBXFileReference; lastKnownFileType = sourcecode.swift; path = PayloadHandler.swift; sourceTree = "<group>"; };
		C33DC86522E6D01600DCE923 /* Screen.swift */ = {isa = PBXFileReference; lastKnownFileType = sourcecode.swift; path = Screen.swift; sourceTree = "<group>"; };
		C33DC86722E6D46000DCE923 /* ARtistListRouter.swift */ = {isa = PBXFileReference; lastKnownFileType = sourcecode.swift; path = ARtistListRouter.swift; sourceTree = "<group>"; };
		C33DC86922E6D4EC00DCE923 /* ArtistListInteractorDelegate.swift */ = {isa = PBXFileReference; lastKnownFileType = sourcecode.swift; path = ArtistListInteractorDelegate.swift; sourceTree = "<group>"; };
		C33DC86B22E6D78A00DCE923 /* ArtistListEventHandler.swift */ = {isa = PBXFileReference; lastKnownFileType = sourcecode.swift; path = ArtistListEventHandler.swift; sourceTree = "<group>"; };
		C33DC87122E6EB5300DCE923 /* LoadingView.swift */ = {isa = PBXFileReference; fileEncoding = 4; lastKnownFileType = sourcecode.swift; path = LoadingView.swift; sourceTree = "<group>"; };
		CBCB84A80264CCE6F62EF8A0 /* Pods-MusicTinder.debug.xcconfig */ = {isa = PBXFileReference; includeInIndex = 1; lastKnownFileType = text.xcconfig; name = "Pods-MusicTinder.debug.xcconfig"; path = "Target Support Files/Pods-MusicTinder/Pods-MusicTinder.debug.xcconfig"; sourceTree = "<group>"; };
/* End PBXFileReference section */

/* Begin PBXFrameworksBuildPhase section */
		9C28128D1DCBD2C100209079 /* Frameworks */ = {
			isa = PBXFrameworksBuildPhase;
			buildActionMask = 2147483647;
			files = (
				F6A12C8CD18B23BCD635BEBB /* Pods_MusicTinder.framework in Frameworks */,
			);
			runOnlyForDeploymentPostprocessing = 0;
		};
/* End PBXFrameworksBuildPhase section */

/* Begin PBXGroup section */
		09EDF0C0C62EE1E989EBA9B5 /* Frameworks */ = {
			isa = PBXGroup;
			children = (
				B6526AB0FBE6F425BD99476D /* Pods_MusicTinder.framework */,
			);
			name = Frameworks;
			sourceTree = "<group>";
		};
		72BEC30E07FAE852ECDBAD2F /* Pods */ = {
			isa = PBXGroup;
			children = (
				CBCB84A80264CCE6F62EF8A0 /* Pods-MusicTinder.debug.xcconfig */,
				71B768F944A55EED20712C7F /* Pods-MusicTinder.release.xcconfig */,
			);
			path = Pods;
			sourceTree = "<group>";
		};
		9C2812871DCBD2C100209079 = {
			isa = PBXGroup;
			children = (
				9C2812921DCBD2C100209079 /* MusicTinder */,
				9C2812911DCBD2C100209079 /* Products */,
				72BEC30E07FAE852ECDBAD2F /* Pods */,
				09EDF0C0C62EE1E989EBA9B5 /* Frameworks */,
			);
			sourceTree = "<group>";
		};
		9C2812911DCBD2C100209079 /* Products */ = {
			isa = PBXGroup;
			children = (
				9C2812901DCBD2C100209079 /* MusicTinder.app */,
			);
			name = Products;
			sourceTree = "<group>";
		};
		9C2812921DCBD2C100209079 /* MusicTinder */ = {
			isa = PBXGroup;
			children = (
				C33DC85E22E6CEB500DCE923 /* Protocols */,
				9C2812A71DCBD39E00209079 /* Modules */,
				C33DC86F22E6EB4300DCE923 /* ApplicationHelper */,
				9C2812BB1DCBD93500209079 /* UserInterface */,
				9C2812A81DCBD39E00209079 /* BusinessLogic */,
				9C7E4EEF1DCDA21D0091E0FE /* Resources */,
				9C2812931DCBD2C100209079 /* AppDelegate.swift */,
				9C2812971DCBD2C100209079 /* Main.storyboard */,
				9C28129A1DCBD2C100209079 /* Assets.xcassets */,
				9C28129C1DCBD2C100209079 /* LaunchScreen.storyboard */,
				9C28129F1DCBD2C100209079 /* Info.plist */,
			);
			path = MusicTinder;
			sourceTree = "<group>";
		};
		9C2812A71DCBD39E00209079 /* Modules */ = {
			isa = PBXGroup;
			children = (
				C33DC86322E6CFB600DCE923 /* Main */,
				9CCE8FC91DCF2C090068F8D4 /* Tinder */,
				9C7E4EF81DCDAC500091E0FE /* Discover */,
				9C2812D11DCBE91100209079 /* ArtistList */,
				9C2812B41DCBD8E000209079 /* Splash */,
				9C5FDCEB1DD7C9660056E0D9 /* ArtistDetail */,
			);
			path = Modules;
			sourceTree = "<group>";
		};
		9C2812A81DCBD39E00209079 /* BusinessLogic */ = {
			isa = PBXGroup;
			children = (
				9C7E4F071DCE05530091E0FE /* Models */,
				9C2812AC1DCBD5E500209079 /* Services */,
			);
			path = BusinessLogic;
			sourceTree = "<group>";
		};
		9C2812AC1DCBD5E500209079 /* Services */ = {
			isa = PBXGroup;
			children = (
				9C7E4F0D1DCE06270091E0FE /* URLProvider.swift */,
				9C2812B21DCBD71200209079 /* ServiceProvider.swift */,
				9C6FB8F21DD759FF00C85D3E /* Database */,
				9CF9479E1DD19E3F00F72E37 /* iTunes */,
				9C2812AD1DCBD5E500209079 /* Reachability */,
				9C7E4F0F1DCE066C0091E0FE /* Artist */,
				9C7E4F0A1DCE05ED0091E0FE /* Chart */,
			);
			path = Services;
			sourceTree = "<group>";
		};
		9C2812AD1DCBD5E500209079 /* Reachability */ = {
			isa = PBXGroup;
			children = (
				9C2812AE1DCBD5F100209079 /* Reachability.swift */,
				9C2812B01DCBD61600209079 /* ReachabilityService.swift */,
			);
			path = Reachability;
			sourceTree = "<group>";
		};
		9C2812B41DCBD8E000209079 /* Splash */ = {
			isa = PBXGroup;
			children = (
				9C2812B51DCBD8ED00209079 /* SplashWireframe.swift */,
				9C2812B71DCBD8FE00209079 /* SplashPresenter.swift */,
				9C2812B91DCBD90700209079 /* SplashView.swift */,
			);
			path = Splash;
			sourceTree = "<group>";
		};
		9C2812BB1DCBD93500209079 /* UserInterface */ = {
			isa = PBXGroup;
			children = (
				9CCE8FD41DCF2C840068F8D4 /* Tinder */,
				9C7E4F151DCE18200091E0FE /* Common */,
				9C7E4EF31DCDABB40091E0FE /* Discover */,
				9C2812D81DCBEAF900209079 /* ArtistList */,
				9C2812BC1DCBD93500209079 /* Splash */,
				9C5FDCF41DD7C9B30056E0D9 /* ArtistDetail */,
			);
			path = UserInterface;
			sourceTree = "<group>";
		};
		9C2812BC1DCBD93500209079 /* Splash */ = {
			isa = PBXGroup;
			children = (
				9C2812BD1DCBD94A00209079 /* SplashViewController.swift */,
				9C2812BF1DCBDEEA00209079 /* MusicTinder.SplashViewController.xib */,
			);
			path = Splash;
			sourceTree = "<group>";
		};
		9C2812D11DCBE91100209079 /* ArtistList */ = {
			isa = PBXGroup;
			children = (
				C33DC86D22E6E79A00DCE923 /* UI */,
				9C2812D61DCBEAE100209079 /* ArtistListView.swift */,
				9C2812D91DCBEB0F00209079 /* ArtistListViewController.swift */,
				C33DC86B22E6D78A00DCE923 /* ArtistListEventHandler.swift */,
				9C2812D41DCBEAD800209079 /* ArtistListPresenter.swift */,
				C33DC86922E6D4EC00DCE923 /* ArtistListInteractorDelegate.swift */,
				9C5FDCE91DD78CB90056E0D9 /* ArtistListInteractor.swift */,
				9C2812D21DCBE91F00209079 /* ArtistListWireframe.swift */,
				C33DC86722E6D46000DCE923 /* ARtistListRouter.swift */,
			);
			path = ArtistList;
			sourceTree = "<group>";
		};
		9C2812D81DCBEAF900209079 /* ArtistList */ = {
			isa = PBXGroup;
			children = (
			);
			path = ArtistList;
			sourceTree = "<group>";
		};
		9C5FDCEB1DD7C9660056E0D9 /* ArtistDetail */ = {
			isa = PBXGroup;
			children = (
				9C5FDCF01DD7C9910056E0D9 /* ArtistDetailWireframe.swift */,
				9C5FDCEE1DD7C9800056E0D9 /* ArtistDetailPresenter.swift */,
				9C5FDCF21DD7C99C0056E0D9 /* ArtistDetailView.swift */,
				9C5FDCF91DD85CA50056E0D9 /* ArtistDetailInteractor.swift */,
			);
			path = ArtistDetail;
			sourceTree = "<group>";
		};
		9C5FDCF41DD7C9B30056E0D9 /* ArtistDetail */ = {
			isa = PBXGroup;
			children = (
				9C5FDCF51DD7C9CD0056E0D9 /* ArtistDetailViewController.swift */,
				9C5FDCF71DD7C9DF0056E0D9 /* MusicTinder.ArtistDetailViewController.xib */,
			);
			path = ArtistDetail;
			sourceTree = "<group>";
		};
		9C5FDCFB1DD86F4C0056E0D9 /* Artist */ = {
			isa = PBXGroup;
			children = (
				9C5FDCFC1DD86F4C0056E0D9 /* getInfo.json */,
				9CC40DB31DD89CAA00527266 /* search.json */,
				9CC40DB51DD8A28300527266 /* getSimilar.json */,
			);
			path = Artist;
			sourceTree = "<group>";
		};
		9C6FB8F21DD759FF00C85D3E /* Database */ = {
			isa = PBXGroup;
			children = (
				9C6FB8F31DD75A0F00C85D3E /* PersistencyService.swift */,
			);
			path = Database;
			sourceTree = "<group>";
		};
		9C6FB8F51DD75CCB00C85D3E /* Database */ = {
			isa = PBXGroup;
			children = (
				9C6FB8F61DD75CE400C85D3E /* RealmArtist.swift */,
			);
			path = Database;
			sourceTree = "<group>";
		};
		9C7378CC1DD3212D00A30182 /* Responses */ = {
			isa = PBXGroup;
			children = (
				9C5FDCFB1DD86F4C0056E0D9 /* Artist */,
				9C7378CD1DD3212D00A30182 /* Chart */,
			);
			path = Responses;
			sourceTree = "<group>";
		};
		9C7378CD1DD3212D00A30182 /* Chart */ = {
			isa = PBXGroup;
			children = (
				9C7378CE1DD3215200A30182 /* topArtists.json */,
			);
			path = Chart;
			sourceTree = "<group>";
		};
		9C7E4EEF1DCDA21D0091E0FE /* Resources */ = {
			isa = PBXGroup;
			children = (
				9C7378CC1DD3212D00A30182 /* Responses */,
				9C7E4EF01DCDA21D0091E0FE /* Fonts */,
			);
			path = Resources;
			sourceTree = "<group>";
		};
		9C7E4EF01DCDA21D0091E0FE /* Fonts */ = {
			isa = PBXGroup;
			children = (
				9C7E4EF11DCDA21D0091E0FE /* fredoka-one.regular.ttf */,
			);
			path = Fonts;
			sourceTree = "<group>";
		};
		9C7E4EF31DCDABB40091E0FE /* Discover */ = {
			isa = PBXGroup;
			children = (
				9C7E4EF41DCDABB40091E0FE /* DiscoverViewController.swift */,
				9C7E4EFF1DCDAF990091E0FE /* MusicTinder.DiscoverViewController.xib */,
			);
			path = Discover;
			sourceTree = "<group>";
		};
		9C7E4EF81DCDAC500091E0FE /* Discover */ = {
			isa = PBXGroup;
			children = (
				9C7E4EFB1DCDAC500091E0FE /* DiscoverWireframe.swift */,
				9C7E4EF91DCDAC500091E0FE /* DiscoverPresenter.swift */,
				9C7E4EFA1DCDAC500091E0FE /* DiscoverView.swift */,
				9C7E4F051DCE045D0091E0FE /* DiscoverInteractor.swift */,
			);
			path = Discover;
			sourceTree = "<group>";
		};
		9C7E4F071DCE05530091E0FE /* Models */ = {
			isa = PBXGroup;
			children = (
				9C6FB8F51DD75CCB00C85D3E /* Database */,
				9C7E4F081DCE055C0091E0FE /* Artist.swift */,
				9C5DAB731DD3BFE7005D35B5 /* Song.swift */,
			);
			path = Models;
			sourceTree = "<group>";
		};
		9C7E4F0A1DCE05ED0091E0FE /* Chart */ = {
			isa = PBXGroup;
			children = (
				9C7E4F0B1DCE05FC0091E0FE /* ChartService.swift */,
			);
			path = Chart;
			sourceTree = "<group>";
		};
		9C7E4F0F1DCE066C0091E0FE /* Artist */ = {
			isa = PBXGroup;
			children = (
				9C7E4F101DCE06740091E0FE /* ArtistService.swift */,
			);
			path = Artist;
			sourceTree = "<group>";
		};
		9C7E4F151DCE18200091E0FE /* Common */ = {
			isa = PBXGroup;
			children = (
				9C7E4F1C1DCE1E2B0091E0FE /* ArtistNameLabel.swift */,
				9C7E4F161DCE18310091E0FE /* ArtistTableViewCell.swift */,
				9C7E4F181DCE1A590091E0FE /* ArtistTableViewCell.xib */,
				9C7E4F211DCE45E40091E0FE /* SearchView.swift */,
				9C7E4F1F1DCE43BD0091E0FE /* SearchView.xib */,
				9C7E4F2C1DCE8A580091E0FE /* NoSearchResultsTableViewCell.swift */,
				9C7E4F2A1DCE8A4E0091E0FE /* NoSearchResultsTableViewCell.xib */,
				9CCE8FDD1DCF7E7F0068F8D4 /* ArtistRoundedView.swift */,
				9CCE8FDF1DCF7E8A0068F8D4 /* ArtistRoundedView.xib */,
			);
			path = Common;
			sourceTree = "<group>";
		};
		9CCE8FC91DCF2C090068F8D4 /* Tinder */ = {
			isa = PBXGroup;
			children = (
				9CCE8FCA1DCF2C170068F8D4 /* TinderWireframe.swift */,
				9CCE8FCE1DCF2C440068F8D4 /* TinderPresenter.swift */,
				9CCE8FD01DCF2C5A0068F8D4 /* TinderView.swift */,
				9CCE8FD21DCF2C660068F8D4 /* TinderInteractor.swift */,
			);
			path = Tinder;
			sourceTree = "<group>";
		};
		9CCE8FD41DCF2C840068F8D4 /* Tinder */ = {
			isa = PBXGroup;
			children = (
				9CCE8FD51DCF2C9C0068F8D4 /* TinderViewController.swift */,
				9CCE8FD91DCF2CB80068F8D4 /* MusicTinder.TinderViewController.xib */,
			);
			path = Tinder;
			sourceTree = "<group>";
		};
		9CF9479E1DD19E3F00F72E37 /* iTunes */ = {
			isa = PBXGroup;
			children = (
				9CF9479F1DD19E5600F72E37 /* ITunesService.swift */,
			);
			path = iTunes;
			sourceTree = "<group>";
		};
		C33DC85E22E6CEB500DCE923 /* Protocols */ = {
			isa = PBXGroup;
			children = (
				9C2812AA1DCBD4C100209079 /* Wireframe.swift */,
				C33DC86122E6CF1A00DCE923 /* PayloadHandler.swift */,
				C33DC85F22E6CF0C00DCE923 /* MainRouter.swift */,
			);
			path = Protocols;
			sourceTree = "<group>";
		};
		C33DC86322E6CFB600DCE923 /* Main */ = {
			isa = PBXGroup;
			children = (
				C33DC86422E6D00600DCE923 /* Models */,
				9C2812C11DCBE54E00209079 /* MainWireframe.swift */,
			);
			path = Main;
			sourceTree = "<group>";
		};
		C33DC86422E6D00600DCE923 /* Models */ = {
			isa = PBXGroup;
			children = (
				C33DC86522E6D01600DCE923 /* Screen.swift */,
			);
			path = Models;
			sourceTree = "<group>";
		};
		C33DC86D22E6E79A00DCE923 /* UI */ = {
			isa = PBXGroup;
			children = (
				9C2812DB1DCBECE800209079 /* MusicTinder.ArtistListViewController.xib */,
			);
			path = UI;
			sourceTree = "<group>";
		};
		C33DC86F22E6EB4300DCE923 /* ApplicationHelper */ = {
			isa = PBXGroup;
			children = (
				9C7E4F031DCDB1070091E0FE /* UIHelper.swift */,
				C33DC87022E6EB5300DCE923 /* Views */,
			);
			path = ApplicationHelper;
			sourceTree = "<group>";
		};
		C33DC87022E6EB5300DCE923 /* Views */ = {
			isa = PBXGroup;
			children = (
				C33DC87122E6EB5300DCE923 /* LoadingView.swift */,
			);
			path = Views;
			sourceTree = "<group>";
		};
/* End PBXGroup section */

/* Begin PBXNativeTarget section */
		9C28128F1DCBD2C100209079 /* MusicTinder */ = {
			isa = PBXNativeTarget;
			buildConfigurationList = 9C2812A21DCBD2C100209079 /* Build configuration list for PBXNativeTarget "MusicTinder" */;
			buildPhases = (
				66D7CB3353DAAC4E8782AC1C /* [CP] Check Pods Manifest.lock */,
				9C28128C1DCBD2C100209079 /* Sources */,
				9C28128D1DCBD2C100209079 /* Frameworks */,
				9C28128E1DCBD2C100209079 /* Resources */,
				C33DC86E22E6E8C900DCE923 /* ShellScript */,
				42659316E457BDDA14E85764 /* [CP] Embed Pods Frameworks */,
			);
			buildRules = (
			);
			dependencies = (
			);
			name = MusicTinder;
			productName = MusicTinder;
			productReference = 9C2812901DCBD2C100209079 /* MusicTinder.app */;
			productType = "com.apple.product-type.application";
		};
/* End PBXNativeTarget section */

/* Begin PBXProject section */
		9C2812881DCBD2C100209079 /* Project object */ = {
			isa = PBXProject;
			attributes = {
				LastSwiftUpdateCheck = 0730;
				LastUpgradeCheck = 0810;
				ORGANIZATIONNAME = MateLorincz;
				TargetAttributes = {
					9C28128F1DCBD2C100209079 = {
						CreatedOnToolsVersion = 7.3.1;
						LastSwiftMigration = 0810;
					};
				};
			};
			buildConfigurationList = 9C28128B1DCBD2C100209079 /* Build configuration list for PBXProject "MusicTinder" */;
			compatibilityVersion = "Xcode 3.2";
			developmentRegion = English;
			hasScannedForEncodings = 0;
			knownRegions = (
				English,
				en,
				Base,
			);
			mainGroup = 9C2812871DCBD2C100209079;
			productRefGroup = 9C2812911DCBD2C100209079 /* Products */;
			projectDirPath = "";
			projectRoot = "";
			targets = (
				9C28128F1DCBD2C100209079 /* MusicTinder */,
			);
		};
/* End PBXProject section */

/* Begin PBXResourcesBuildPhase section */
		9C28128E1DCBD2C100209079 /* Resources */ = {
			isa = PBXResourcesBuildPhase;
			buildActionMask = 2147483647;
			files = (
				9C5FDCFD1DD86F4C0056E0D9 /* getInfo.json in Resources */,
				9C5FDCF81DD7C9DF0056E0D9 /* MusicTinder.ArtistDetailViewController.xib in Resources */,
				9C7E4EF21DCDA21D0091E0FE /* fredoka-one.regular.ttf in Resources */,
				9C2812C01DCBDEEA00209079 /* MusicTinder.SplashViewController.xib in Resources */,
				9C7378CF1DD3215200A30182 /* topArtists.json in Resources */,
				9CCE8FDA1DCF2CB80068F8D4 /* MusicTinder.TinderViewController.xib in Resources */,
				9C28129E1DCBD2C100209079 /* LaunchScreen.storyboard in Resources */,
				9C7E4F191DCE1A590091E0FE /* ArtistTableViewCell.xib in Resources */,
				9C2812DC1DCBECE800209079 /* MusicTinder.ArtistListViewController.xib in Resources */,
				9C7E4F201DCE43BD0091E0FE /* SearchView.xib in Resources */,
				9CC40DB41DD89CAA00527266 /* search.json in Resources */,
				9C28129B1DCBD2C100209079 /* Assets.xcassets in Resources */,
				9CC40DB61DD8A28300527266 /* getSimilar.json in Resources */,
				9C7E4F2B1DCE8A4E0091E0FE /* NoSearchResultsTableViewCell.xib in Resources */,
				9C7E4F001DCDAF990091E0FE /* MusicTinder.DiscoverViewController.xib in Resources */,
				9C2812991DCBD2C100209079 /* Main.storyboard in Resources */,
				9CCE8FE01DCF7E8A0068F8D4 /* ArtistRoundedView.xib in Resources */,
			);
			runOnlyForDeploymentPostprocessing = 0;
		};
/* End PBXResourcesBuildPhase section */

/* Begin PBXShellScriptBuildPhase section */
		42659316E457BDDA14E85764 /* [CP] Embed Pods Frameworks */ = {
			isa = PBXShellScriptBuildPhase;
			buildActionMask = 2147483647;
			files = (
			);
			inputFileListPaths = (
			);
			inputPaths = (
				"${PODS_ROOT}/Target Support Files/Pods-MusicTinder/Pods-MusicTinder-frameworks.sh",
				"${BUILT_PRODUCTS_DIR}/Realm/Realm.framework",
				"${BUILT_PRODUCTS_DIR}/RealmSwift/RealmSwift.framework",
			);
			name = "[CP] Embed Pods Frameworks";
			outputFileListPaths = (
			);
			outputPaths = (
				"${TARGET_BUILD_DIR}/${FRAMEWORKS_FOLDER_PATH}/Realm.framework",
				"${TARGET_BUILD_DIR}/${FRAMEWORKS_FOLDER_PATH}/RealmSwift.framework",
			);
			runOnlyForDeploymentPostprocessing = 0;
			shellPath = /bin/sh;
			shellScript = "\"${PODS_ROOT}/Target Support Files/Pods-MusicTinder/Pods-MusicTinder-frameworks.sh\"\n";
			showEnvVarsInLog = 0;
		};
		66D7CB3353DAAC4E8782AC1C /* [CP] Check Pods Manifest.lock */ = {
			isa = PBXShellScriptBuildPhase;
			buildActionMask = 2147483647;
			files = (
			);
			inputFileListPaths = (
			);
			inputPaths = (
				"${PODS_PODFILE_DIR_PATH}/Podfile.lock",
				"${PODS_ROOT}/Manifest.lock",
			);
			name = "[CP] Check Pods Manifest.lock";
			outputFileListPaths = (
			);
			outputPaths = (
				"$(DERIVED_FILE_DIR)/Pods-MusicTinder-checkManifestLockResult.txt",
			);
			runOnlyForDeploymentPostprocessing = 0;
			shellPath = /bin/sh;
			shellScript = "diff \"${PODS_PODFILE_DIR_PATH}/Podfile.lock\" \"${PODS_ROOT}/Manifest.lock\" > /dev/null\nif [ $? != 0 ] ; then\n    # print error to STDERR\n    echo \"error: The sandbox is not in sync with the Podfile.lock. Run 'pod install' or update your CocoaPods installation.\" >&2\n    exit 1\nfi\n# This output is used by Xcode 'outputs' to avoid re-running this script phase.\necho \"SUCCESS\" > \"${SCRIPT_OUTPUT_FILE_0}\"\n";
			showEnvVarsInLog = 0;
		};
		C33DC86E22E6E8C900DCE923 /* ShellScript */ = {
			isa = PBXShellScriptBuildPhase;
			buildActionMask = 2147483647;
			files = (
			);
			inputFileListPaths = (
			);
			inputPaths = (
			);
			outputFileListPaths = (
			);
			outputPaths = (
			);
			runOnlyForDeploymentPostprocessing = 0;
			shellPath = /bin/sh;
			shellScript = "if which swiftlint >/dev/null; then\nswiftlint\nelse\necho \"warning: SwiftLint not installed, download from https://github.com/realm/SwiftLint\"\nfi\n";
		};
/* End PBXShellScriptBuildPhase section */

/* Begin PBXSourcesBuildPhase section */
		9C28128C1DCBD2C100209079 /* Sources */ = {
			isa = PBXSourcesBuildPhase;
			buildActionMask = 2147483647;
			files = (
				9C2812B11DCBD61600209079 /* ReachabilityService.swift in Sources */,
				C33DC86822E6D46000DCE923 /* ARtistListRouter.swift in Sources */,
				9C7E4F2D1DCE8A580091E0FE /* NoSearchResultsTableViewCell.swift in Sources */,
				9C7E4EFD1DCDAC500091E0FE /* DiscoverView.swift in Sources */,
				9C2812B31DCBD71200209079 /* ServiceProvider.swift in Sources */,
				9C7E4F0E1DCE06270091E0FE /* URLProvider.swift in Sources */,
				C33DC86C22E6D78A00DCE923 /* ArtistListEventHandler.swift in Sources */,
				9C2812B81DCBD8FE00209079 /* SplashPresenter.swift in Sources */,
				9C5FDCF31DD7C99C0056E0D9 /* ArtistDetailView.swift in Sources */,
				9CCE8FCB1DCF2C170068F8D4 /* TinderWireframe.swift in Sources */,
				C33DC86A22E6D4EC00DCE923 /* ArtistListInteractorDelegate.swift in Sources */,
				9C2812DA1DCBEB0F00209079 /* ArtistListViewController.swift in Sources */,
				9C7E4F061DCE045D0091E0FE /* DiscoverInteractor.swift in Sources */,
				9CCE8FD31DCF2C660068F8D4 /* TinderInteractor.swift in Sources */,
				C33DC87222E6EB5300DCE923 /* LoadingView.swift in Sources */,
				9C5FDCFA1DD85CA50056E0D9 /* ArtistDetailInteractor.swift in Sources */,
				9C7E4F091DCE055C0091E0FE /* Artist.swift in Sources */,
				9C5FDCEA1DD78CB90056E0D9 /* ArtistListInteractor.swift in Sources */,
				9C6FB8F71DD75CE400C85D3E /* RealmArtist.swift in Sources */,
				9C7E4EFE1DCDAC500091E0FE /* DiscoverWireframe.swift in Sources */,
				9C2812B61DCBD8ED00209079 /* SplashWireframe.swift in Sources */,
				9C5DAB741DD3BFE7005D35B5 /* Song.swift in Sources */,
				9C2812941DCBD2C100209079 /* AppDelegate.swift in Sources */,
				9C5FDCEF1DD7C9800056E0D9 /* ArtistDetailPresenter.swift in Sources */,
				9CCE8FCF1DCF2C440068F8D4 /* TinderPresenter.swift in Sources */,
				C33DC86022E6CF0C00DCE923 /* MainRouter.swift in Sources */,
				C33DC86222E6CF1A00DCE923 /* PayloadHandler.swift in Sources */,
				9CCE8FD11DCF2C5A0068F8D4 /* TinderView.swift in Sources */,
				9CCE8FDE1DCF7E7F0068F8D4 /* ArtistRoundedView.swift in Sources */,
				9C2812C21DCBE54E00209079 /* MainWireframe.swift in Sources */,
				9C7E4F1D1DCE1E2B0091E0FE /* ArtistNameLabel.swift in Sources */,
				C33DC86622E6D01600DCE923 /* Screen.swift in Sources */,
				9C2812AF1DCBD5F100209079 /* Reachability.swift in Sources */,
				9C2812AB1DCBD4C100209079 /* Wireframe.swift in Sources */,
				9C7E4F111DCE06740091E0FE /* ArtistService.swift in Sources */,
				9C7E4EFC1DCDAC500091E0FE /* DiscoverPresenter.swift in Sources */,
				9C7E4EF61DCDABB40091E0FE /* DiscoverViewController.swift in Sources */,
				9C7E4F171DCE18310091E0FE /* ArtistTableViewCell.swift in Sources */,
				9C5FDCF11DD7C9910056E0D9 /* ArtistDetailWireframe.swift in Sources */,
				9C7E4F221DCE45E40091E0FE /* SearchView.swift in Sources */,
				9C2812D31DCBE91F00209079 /* ArtistListWireframe.swift in Sources */,
				9CCE8FD61DCF2C9C0068F8D4 /* TinderViewController.swift in Sources */,
				9C2812BA1DCBD90700209079 /* SplashView.swift in Sources */,
				9C7E4F041DCDB1070091E0FE /* UIHelper.swift in Sources */,
				9C5FDCF61DD7C9CD0056E0D9 /* ArtistDetailViewController.swift in Sources */,
				9CF947A01DD19E5600F72E37 /* ITunesService.swift in Sources */,
				9C7E4F0C1DCE05FC0091E0FE /* ChartService.swift in Sources */,
				9C2812BE1DCBD94A00209079 /* SplashViewController.swift in Sources */,
				9C2812D51DCBEAD800209079 /* ArtistListPresenter.swift in Sources */,
				9C2812D71DCBEAE100209079 /* ArtistListView.swift in Sources */,
				9C6FB8F41DD75A0F00C85D3E /* PersistencyService.swift in Sources */,
			);
			runOnlyForDeploymentPostprocessing = 0;
		};
/* End PBXSourcesBuildPhase section */

/* Begin PBXVariantGroup section */
		9C2812971DCBD2C100209079 /* Main.storyboard */ = {
			isa = PBXVariantGroup;
			children = (
				9C2812981DCBD2C100209079 /* Base */,
			);
			name = Main.storyboard;
			sourceTree = "<group>";
		};
		9C28129C1DCBD2C100209079 /* LaunchScreen.storyboard */ = {
			isa = PBXVariantGroup;
			children = (
				9C28129D1DCBD2C100209079 /* Base */,
			);
			name = LaunchScreen.storyboard;
			sourceTree = "<group>";
		};
/* End PBXVariantGroup section */

/* Begin XCBuildConfiguration section */
		9C2812A01DCBD2C100209079 /* Debug */ = {
			isa = XCBuildConfiguration;
			buildSettings = {
				ALWAYS_SEARCH_USER_PATHS = NO;
				CLANG_ANALYZER_NONNULL = YES;
				CLANG_CXX_LANGUAGE_STANDARD = "gnu++0x";
				CLANG_CXX_LIBRARY = "libc++";
				CLANG_ENABLE_MODULES = YES;
				CLANG_ENABLE_OBJC_ARC = YES;
				CLANG_WARN_BOOL_CONVERSION = YES;
				CLANG_WARN_CONSTANT_CONVERSION = YES;
				CLANG_WARN_DIRECT_OBJC_ISA_USAGE = YES_ERROR;
				CLANG_WARN_EMPTY_BODY = YES;
				CLANG_WARN_ENUM_CONVERSION = YES;
				CLANG_WARN_INFINITE_RECURSION = YES;
				CLANG_WARN_INT_CONVERSION = YES;
				CLANG_WARN_OBJC_ROOT_CLASS = YES_ERROR;
				CLANG_WARN_SUSPICIOUS_MOVE = YES;
				CLANG_WARN_UNREACHABLE_CODE = YES;
				CLANG_WARN__DUPLICATE_METHOD_MATCH = YES;
				"CODE_SIGN_IDENTITY[sdk=iphoneos*]" = "iPhone Developer";
				COPY_PHASE_STRIP = NO;
				DEBUG_INFORMATION_FORMAT = dwarf;
				ENABLE_STRICT_OBJC_MSGSEND = YES;
				ENABLE_TESTABILITY = YES;
				GCC_C_LANGUAGE_STANDARD = gnu99;
				GCC_DYNAMIC_NO_PIC = NO;
				GCC_NO_COMMON_BLOCKS = YES;
				GCC_OPTIMIZATION_LEVEL = 0;
				GCC_PREPROCESSOR_DEFINITIONS = (
					"DEBUG=1",
					"$(inherited)",
				);
				GCC_WARN_64_TO_32_BIT_CONVERSION = YES;
				GCC_WARN_ABOUT_RETURN_TYPE = YES_ERROR;
				GCC_WARN_UNDECLARED_SELECTOR = YES;
				GCC_WARN_UNINITIALIZED_AUTOS = YES_AGGRESSIVE;
				GCC_WARN_UNUSED_FUNCTION = YES;
				GCC_WARN_UNUSED_VARIABLE = YES;
				IPHONEOS_DEPLOYMENT_TARGET = 8.0;
				MTL_ENABLE_DEBUG_INFO = YES;
				ONLY_ACTIVE_ARCH = YES;
				SDKROOT = iphoneos;
				SWIFT_OPTIMIZATION_LEVEL = "-Onone";
				SWIFT_VERSION = 5.0;
			};
			name = Debug;
		};
		9C2812A11DCBD2C100209079 /* Release */ = {
			isa = XCBuildConfiguration;
			buildSettings = {
				ALWAYS_SEARCH_USER_PATHS = NO;
				CLANG_ANALYZER_NONNULL = YES;
				CLANG_CXX_LANGUAGE_STANDARD = "gnu++0x";
				CLANG_CXX_LIBRARY = "libc++";
				CLANG_ENABLE_MODULES = YES;
				CLANG_ENABLE_OBJC_ARC = YES;
				CLANG_WARN_BOOL_CONVERSION = YES;
				CLANG_WARN_CONSTANT_CONVERSION = YES;
				CLANG_WARN_DIRECT_OBJC_ISA_USAGE = YES_ERROR;
				CLANG_WARN_EMPTY_BODY = YES;
				CLANG_WARN_ENUM_CONVERSION = YES;
				CLANG_WARN_INFINITE_RECURSION = YES;
				CLANG_WARN_INT_CONVERSION = YES;
				CLANG_WARN_OBJC_ROOT_CLASS = YES_ERROR;
				CLANG_WARN_SUSPICIOUS_MOVE = YES;
				CLANG_WARN_UNREACHABLE_CODE = YES;
				CLANG_WARN__DUPLICATE_METHOD_MATCH = YES;
				"CODE_SIGN_IDENTITY[sdk=iphoneos*]" = "iPhone Developer";
				COPY_PHASE_STRIP = NO;
				DEBUG_INFORMATION_FORMAT = "dwarf-with-dsym";
				ENABLE_NS_ASSERTIONS = NO;
				ENABLE_STRICT_OBJC_MSGSEND = YES;
				GCC_C_LANGUAGE_STANDARD = gnu99;
				GCC_NO_COMMON_BLOCKS = YES;
				GCC_WARN_64_TO_32_BIT_CONVERSION = YES;
				GCC_WARN_ABOUT_RETURN_TYPE = YES_ERROR;
				GCC_WARN_UNDECLARED_SELECTOR = YES;
				GCC_WARN_UNINITIALIZED_AUTOS = YES_AGGRESSIVE;
				GCC_WARN_UNUSED_FUNCTION = YES;
				GCC_WARN_UNUSED_VARIABLE = YES;
				IPHONEOS_DEPLOYMENT_TARGET = 8.0;
				MTL_ENABLE_DEBUG_INFO = NO;
				SDKROOT = iphoneos;
				SWIFT_OPTIMIZATION_LEVEL = "-Owholemodule";
				SWIFT_VERSION = 5.0;
				VALIDATE_PRODUCT = YES;
			};
			name = Release;
		};
		9C2812A31DCBD2C100209079 /* Debug */ = {
			isa = XCBuildConfiguration;
			baseConfigurationReference = CBCB84A80264CCE6F62EF8A0 /* Pods-MusicTinder.debug.xcconfig */;
			buildSettings = {
				ASSETCATALOG_COMPILER_APPICON_NAME = AppIcon;
				CODE_SIGN_IDENTITY = "iPhone Developer";
				"CODE_SIGN_IDENTITY[sdk=iphoneos*]" = "iPhone Developer";
				DEVELOPMENT_TEAM = "";
				FRAMEWORK_SEARCH_PATHS = "$(inherited)";
				INFOPLIST_FILE = MusicTinder/Info.plist;
				LD_RUNPATH_SEARCH_PATHS = "$(inherited) @executable_path/Frameworks";
				PRODUCT_BUNDLE_IDENTIFIER = MateLorincz.MusicTinder;
				PRODUCT_NAME = "$(TARGET_NAME)";
				PROVISIONING_PROFILE = "";
				SWIFT_VERSION = 5.0;
			};
			name = Debug;
		};
		9C2812A41DCBD2C100209079 /* Release */ = {
			isa = XCBuildConfiguration;
			baseConfigurationReference = 71B768F944A55EED20712C7F /* Pods-MusicTinder.release.xcconfig */;
			buildSettings = {
				ASSETCATALOG_COMPILER_APPICON_NAME = AppIcon;
				CODE_SIGN_IDENTITY = "iPhone Developer";
				"CODE_SIGN_IDENTITY[sdk=iphoneos*]" = "iPhone Developer";
				DEVELOPMENT_TEAM = "";
				FRAMEWORK_SEARCH_PATHS = "$(inherited)";
				INFOPLIST_FILE = MusicTinder/Info.plist;
				LD_RUNPATH_SEARCH_PATHS = "$(inherited) @executable_path/Frameworks";
				PRODUCT_BUNDLE_IDENTIFIER = MateLorincz.MusicTinder;
				PRODUCT_NAME = "$(TARGET_NAME)";
				PROVISIONING_PROFILE = "";
				SWIFT_VERSION = 5.0;
			};
			name = Release;
		};
/* End XCBuildConfiguration section */

/* Begin XCConfigurationList section */
		9C28128B1DCBD2C100209079 /* Build configuration list for PBXProject "MusicTinder" */ = {
			isa = XCConfigurationList;
			buildConfigurations = (
				9C2812A01DCBD2C100209079 /* Debug */,
				9C2812A11DCBD2C100209079 /* Release */,
			);
			defaultConfigurationIsVisible = 0;
			defaultConfigurationName = Release;
		};
		9C2812A21DCBD2C100209079 /* Build configuration list for PBXNativeTarget "MusicTinder" */ = {
			isa = XCConfigurationList;
			buildConfigurations = (
				9C2812A31DCBD2C100209079 /* Debug */,
				9C2812A41DCBD2C100209079 /* Release */,
			);
			defaultConfigurationIsVisible = 0;
			defaultConfigurationName = Release;
		};
/* End XCConfigurationList section */
	};
	rootObject = 9C2812881DCBD2C100209079 /* Project object */;
}
